
Microsoft Visual Studio Solution File, Format Version 12.00
# Visual Studio 15
Project("{FAE04EC0-301F-11D3-BF4B-00C04F79EFBC}") = "Assembly-CSharp", "Assembly-CSharp.csproj", "{7E52DA33-D67D-BC24-4E59-55F174178D99}"
EndProject
Project("{FAE04EC0-301F-11D3-BF4B-00C04F79EFBC}") = "Assembly-CSharp-firstpass", "Assembly-CSharp-firstpass.csproj", "{10D69130-0A9B-BFAF-7012-E702281B2799}"
EndProject
Project("{FAE04EC0-301F-11D3-BF4B-00C04F79EFBC}") = "NavMeshComponentsExamples", "NavMeshComponentsExamples.csproj", "{36551D8B-3050-14FF-5363-A31FC9864439}"
EndProject
Project("{FAE04EC0-301F-11D3-BF4B-00C04F79EFBC}") = "NavMeshComponents", "NavMeshComponents.csproj", "{2B1EC6DD-FEE8-A4F7-0C04-064BF4532565}"
EndProject
Project("{FAE04EC0-301F-11D3-BF4B-00C04F79EFBC}") = "NavMeshComponentsTestsPlaymode", "NavMeshComponentsTestsPlaymode.csproj", "{CD158E83-6BFF-27C3-74B8-0B2C5F43B235}"
EndProject
Project("{FAE04EC0-301F-11D3-BF4B-00C04F79EFBC}") = "Assembly-CSharp-Editor-firstpass", "Assembly-CSharp-Editor-firstpass.csproj", "{7E20ED06-1AFE-09E5-28EF-3B3246FB11DF}"
EndProject
Project("{FAE04EC0-301F-11D3-BF4B-00C04F79EFBC}") = "NavMeshComponentsEditor", "NavMeshComponentsEditor.csproj", "{BC90A1CF-9D0A-2E0A-248D-4AD6AEDCEEF7}"
EndProject
Project("{FAE04EC0-301F-11D3-BF4B-00C04F79EFBC}") = "Assembly-CSharp-Editor", "Assembly-CSharp-Editor.csproj", "{38C51907-5FA6-95AB-43D9-A899D4EB0340}"
EndProject
Project("{FAE04EC0-301F-11D3-BF4B-00C04F79EFBC}") = "NavMeshComponentsTestsEditmode", "NavMeshComponentsTestsEditmode.csproj", "{598298A4-6697-29DE-21EE-662B6251DB17}"
EndProject
Project("{FAE04EC0-301F-11D3-BF4B-00C04F79EFBC}") = "NavMeshComponentsExamplesEditor", "NavMeshComponentsExamplesEditor.csproj", "{E988B0BF-1D60-EEB1-D5D2-65113EB8ED78}"
EndProject
Global
	GlobalSection(SolutionConfigurationPlatforms) = preSolution
		Debug|Any CPU = Debug|Any CPU
		Release|Any CPU = Release|Any CPU
	EndGlobalSection
	GlobalSection(ProjectConfigurationPlatforms) = postSolution
		{7E52DA33-D67D-BC24-4E59-55F174178D99}.Debug|Any CPU.ActiveCfg = Debug|Any CPU
		{7E52DA33-D67D-BC24-4E59-55F174178D99}.Debug|Any CPU.Build.0 = Debug|Any CPU
		{7E52DA33-D67D-BC24-4E59-55F174178D99}.Release|Any CPU.ActiveCfg = Release|Any CPU
		{7E52DA33-D67D-BC24-4E59-55F174178D99}.Release|Any CPU.Build.0 = Release|Any CPU
		{10D69130-0A9B-BFAF-7012-E702281B2799}.Debug|Any CPU.ActiveCfg = Debug|Any CPU
		{10D69130-0A9B-BFAF-7012-E702281B2799}.Debug|Any CPU.Build.0 = Debug|Any CPU
		{10D69130-0A9B-BFAF-7012-E702281B2799}.Release|Any CPU.ActiveCfg = Release|Any CPU
		{10D69130-0A9B-BFAF-7012-E702281B2799}.Release|Any CPU.Build.0 = Release|Any CPU
		{36551D8B-3050-14FF-5363-A31FC9864439}.Debug|Any CPU.ActiveCfg = Debug|Any CPU
		{36551D8B-3050-14FF-5363-A31FC9864439}.Debug|Any CPU.Build.0 = Debug|Any CPU
		{36551D8B-3050-14FF-5363-A31FC9864439}.Release|Any CPU.ActiveCfg = Release|Any CPU
		{36551D8B-3050-14FF-5363-A31FC9864439}.Release|Any CPU.Build.0 = Release|Any CPU
		{2B1EC6DD-FEE8-A4F7-0C04-064BF4532565}.Debug|Any CPU.ActiveCfg = Debug|Any CPU
		{2B1EC6DD-FEE8-A4F7-0C04-064BF4532565}.Debug|Any CPU.Build.0 = Debug|Any CPU
		{2B1EC6DD-FEE8-A4F7-0C04-064BF4532565}.Release|Any CPU.ActiveCfg = Release|Any CPU
		{2B1EC6DD-FEE8-A4F7-0C04-064BF4532565}.Release|Any CPU.Build.0 = Release|Any CPU
		{CD158E83-6BFF-27C3-74B8-0B2C5F43B235}.Debug|Any CPU.ActiveCfg = Debug|Any CPU
		{CD158E83-6BFF-27C3-74B8-0B2C5F43B235}.Debug|Any CPU.Build.0 = Debug|Any CPU
		{CD158E83-6BFF-27C3-74B8-0B2C5F43B235}.Release|Any CPU.ActiveCfg = Release|Any CPU
		{CD158E83-6BFF-27C3-74B8-0B2C5F43B235}.Release|Any CPU.Build.0 = Release|Any CPU
		{7E20ED06-1AFE-09E5-28EF-3B3246FB11DF}.Debug|Any CPU.ActiveCfg = Debug|Any CPU
		{7E20ED06-1AFE-09E5-28EF-3B3246FB11DF}.Debug|Any CPU.Build.0 = Debug|Any CPU
		{7E20ED06-1AFE-09E5-28EF-3B3246FB11DF}.Release|Any CPU.ActiveCfg = Release|Any CPU
		{7E20ED06-1AFE-09E5-28EF-3B3246FB11DF}.Release|Any CPU.Build.0 = Release|Any CPU
		{BC90A1CF-9D0A-2E0A-248D-4AD6AEDCEEF7}.Debug|Any CPU.ActiveCfg = Debug|Any CPU
		{BC90A1CF-9D0A-2E0A-248D-4AD6AEDCEEF7}.Debug|Any CPU.Build.0 = Debug|Any CPU
		{BC90A1CF-9D0A-2E0A-248D-4AD6AEDCEEF7}.Release|Any CPU.ActiveCfg = Release|Any CPU
		{BC90A1CF-9D0A-2E0A-248D-4AD6AEDCEEF7}.Release|Any CPU.Build.0 = Release|Any CPU
		{38C51907-5FA6-95AB-43D9-A899D4EB0340}.Debug|Any CPU.ActiveCfg = Debug|Any CPU
		{38C51907-5FA6-95AB-43D9-A899D4EB0340}.Debug|Any CPU.Build.0 = Debug|Any CPU
		{38C51907-5FA6-95AB-43D9-A899D4EB0340}.Release|Any CPU.ActiveCfg = Release|Any CPU
		{38C51907-5FA6-95AB-43D9-A899D4EB0340}.Release|Any CPU.Build.0 = Release|Any CPU
		{598298A4-6697-29DE-21EE-662B6251DB17}.Debug|Any CPU.ActiveCfg = Debug|Any CPU
		{598298A4-6697-29DE-21EE-662B6251DB17}.Debug|Any CPU.Build.0 = Debug|Any CPU
		{598298A4-6697-29DE-21EE-662B6251DB17}.Release|Any CPU.ActiveCfg = Release|Any CPU
		{598298A4-6697-29DE-21EE-662B6251DB17}.Release|Any CPU.Build.0 = Release|Any CPU
		{E988B0BF-1D60-EEB1-D5D2-65113EB8ED78}.Debug|Any CPU.ActiveCfg = Debug|Any CPU
		{E988B0BF-1D60-EEB1-D5D2-65113EB8ED78}.Debug|Any CPU.Build.0 = Debug|Any CPU
		{E988B0BF-1D60-EEB1-D5D2-65113EB8ED78}.Release|Any CPU.ActiveCfg = Release|Any CPU
		{E988B0BF-1D60-EEB1-D5D2-65113EB8ED78}.Release|Any CPU.Build.0 = Release|Any CPU
	EndGlobalSection
	GlobalSection(SolutionProperties) = preSolution
		HideSolutionNode = FALSE
	EndGlobalSection
EndGlobal
